version = 1
revision = 3
requires-python = "==3.12.*"

[[package]]
name = "certifi"
version = "2026.7.22"
source = { registry = "https://pypi.org/simple" }
sdist = { url = "https://files.pythonhosted.org/packages/a3/c2/24167ea9858356b47a87a50d39908bfdb72ceeefe0041586e704e5376b3a/certifi-2026.7.22.tar.gz", hash = "sha256:741e2c3b351ddf169a738da9f2c048608ff7f2c5cc02f1ebc6b118bb090d5d55", size = 138112, upload-time = "2026-07-22T03:35:12.644Z" }
wheels = [
    { url = "https://files.pythonhosted.org/packages/0b/a7/71ac2cff56fec219ed242bb11b8efb69fcc4bec75db06fb7bfe35de520e6/certifi-2026.7.22-py3-none-any.whl", hash = "sha256:62f22742b58a1a33014a2b6b706588a8d7e2a88ae7bd1a6ebe8c992928483775", size = 136983, upload-time = "2026-07-22T03:35:11.276Z" },
]

[[package]]
name = "charset-normalizer"
version = "3.4.9"
source = { registry = "https://pypi.org/simple" }
sdist = { url = "https://files.pythonhosted.org/packages/bd/2a/23f34ec9d04624958e137efdc394888716353190e75f25dd22c7a2c7a8aa/charset_normalizer-3.4.9.tar.gz", hash = "sha256:673611bbd43f0810bec0b0f028ddeaaa501190339cac411f347ac76917c3ae7b", size = 152439, upload-time = "2026-07-07T14:34:58.454Z" }
wheels = [
    { url = "https://files.pythonhosted.org/packages/70/4a/ecbd131485c07fcdfad54e28946d513e3da22ef3b4bd854dcafae54ec739/charset_normalizer-3.4.9-cp312-cp312-macosx_10_13_universal2.whl", hash = "sha256:45b0cc4e3556cd875e09102988d1ab8356c998b596c9fced84547c8138b487a0", size = 319300, upload-time = "2026-07-07T14:33:15.666Z" },
    { url = "https://files.pythonhosted.org/packages/ec/96/5d9364e3342d69f3a045e1777bc47c85c383e6e9466d561b33fdb419d1f9/charset_normalizer-3.4.9-cp312-cp312-manylinux2014_aarch64.manylinux_2_17_aarch64.manylinux_2_28_aarch64.whl", hash = "sha256:9b2aff1c7b3884512b9512c3eaadd9bab39fb45042ffaaa1dd08ff2b9f8109d9", size = 215802, upload-time = "2026-07-07T14:33:17.031Z" },
    { url = "https://files.pythonhosted.org/packages/4b/4c/5361f9aa7f2cb58d94f2ab831b3d493f69efb1d239654b4744e3c09527cb/charset_normalizer-3.4.9-cp312-cp312-manylinux2014_ppc64le.manylinux_2_17_ppc64le.manylinux_2_28_ppc64le.whl", hash = "sha256:9104ed0bd76a429d46f9ec0dbc9b08ad1d2dcdf2b00a5a0daa1c145329b35b44", size = 237171, upload-time = "2026-07-07T14:33:18.576Z" },
    { url = "https://files.pythonhosted.org/packages/50/78/ce342ca4ff30b2eb49fe6d9578df85974f90c67d294113e94efdd9664cbd/charset_normalizer-3.4.9-cp312-cp312-manylinux2014_s390x.manylinux_2_17_s390x.manylinux_2_28_s390x.whl", hash = "sha256:7b86a2b16095d250c6f58b3d9b2eee6f4147754344f3dab0922f7c9bf7d226c9", size = 233075, upload-time = "2026-07-07T14:33:20.084Z" },
    { url = "https://files.pythonhosted.org/packages/01/c4/4fa4c8b3097a11f3c5f09a35b72ed6855fb1d332469504962ab7bafcc702/charset_normalizer-3.4.9-cp312-cp312-manylinux2014_x86_64.manylinux_2_17_x86_64.manylinux_2_28_x86_64.whl", hash = "sha256:5e226f6218febc71f6c1fc2fafb91c226f75bdc1d8fb12d66823716e891608fd", size = 224256, upload-time = "2026-07-07T14:33:21.747Z" },
    { url = "https://files.pythonhosted.org/packages/87/3a/ad914516df7e358a81aae018caa5e0470ba827fa6d763b1d2e87d920a5f6/charset_normalizer-3.4.9-cp312-cp312-manylinux_2_31_armv7l.whl", hash = "sha256:90c44bc373b7687f6948b693cceaea1348ae0975d7474746559494468e3c1d84", size = 208784, upload-time = "2026-07-07T14:33:23.313Z" },
    { url = "https://files.pythonhosted.org/packages/d7/74/3c12f9755717dfe5c5c87da63f35d765fa0c00382ec26bf23f7fae34f2ba/charset_normalizer-3.4.9-cp312-cp312-manylinux_2_31_riscv64.manylinux_2_39_riscv64.whl", hash = "sha256:9cdef90ae47919cae358d8ab15797a800ed41da7aba5d72419fb510729e2ed4b", size = 219928, upload-time = "2026-07-07T14:33:24.814Z" },
    { url = "https://files.pythonhosted.org/packages/33/9a/895095b83e7907abd6d3d99aad3a38ad0d9686cc186cb0c94c24320fe63e/charset_normalizer-3.4.9-cp312-cp312-musllinux_1_2_aarch64.whl", hash = "sha256:60f44ade2cf573dad7a277e6f8ca9a51a21dda572b13bd7d8539bb3cd5dbedde", size = 218489, upload-time = "2026-07-07T14:33:26.42Z" },
    { url = "https://files.pythonhosted.org/packages/a1/34/ef5c05f412f42520d7709b7d3784d19640839eb7366ded1755511585429f/charset_normalizer-3.4.9-cp312-cp312-musllinux_1_2_armv7l.whl", hash = "sha256:a1786910334ed46ab1dd73222f2cd1e05c2c3bb39f6dddb4f8b36fc382058a39", size = 210267, upload-time = "2026-07-07T14:33:27.952Z" },
    { url = "https://files.pythonhosted.org/packages/83/dc/9b29fa4412b318bf3bfea985c35d67eb55e04b59a7c3f2237168b0e0be6f/charset_normalizer-3.4.9-cp312-cp312-musllinux_1_2_x86_64.whl", hash = "sha256:03d07803992c6c7bbc976327f34b18b6160327fc81cb82c9d504720ac0be3b62", size = 226030, upload-time = "2026-07-07T14:33:29.397Z" },
    { url = "https://files.pythonhosted.org/packages/0e/42/6dbc00b8cd16011691203e33570fa42ed5746599a2e878112d16eab403a3/charset_normalizer-3.4.9-cp312-cp312-win32.whl", hash = "sha256:78841cccf1af7b40f6f716338d50c0902dbe88d9f800b3c973b7a9a0a693a642", size = 151185, upload-time = "2026-07-07T14:33:30.781Z" },
    { url = "https://files.pythonhosted.org/packages/80/cc/f920afd1a23c58ccd53c1d36085a71893a4737ff5e66e0371efab6809850/charset_normalizer-3.4.9-cp312-cp312-win_amd64.whl", hash = "sha256:4b3dac63058cc36820b0dd072f89898604e2d39686fe05321729d00d8ac185a0", size = 162557, upload-time = "2026-07-07T14:33:32.176Z" },
    { url = "https://files.pythonhosted.org/packages/f0/e6/0386d43a261ff4e4b30c5857af7df877254b46bec7b9d1b74b6bf969a90b/charset_normalizer-3.4.9-cp312-cp312-win_arm64.whl", hash = "sha256:78fa18e436a1a0e58dbd7e02fc4473f3f32cceb12df9dfca542d075961c307d2", size = 152665, upload-time = "2026-07-07T14:33:33.711Z" },
    { url = "https://files.pythonhosted.org/packages/98/2b/f97f1c193fb855c345d678f5077d6926034db0722df74c8f057020e05a25/charset_normalizer-3.4.9-py3-none-any.whl", hash = "sha256:68e5f26a1ad57ded6d1cfb85331d1c1a195314756471d97758c48498bb4dcdf5", size = 64538, upload-time = "2026-07-07T14:34:56.993Z" },
]

[[package]]
name = "colorama"
version = "0.4.6"
source = { registry = "https://pypi.org/simple" }
sdist = { url = "https://files.pythonhosted.org/packages/d8/53/6f443c9a4a8358a93a6792e2acffb9d9d5cb0a5cfd8802644b7b1c9a02e4/colorama-0.4.6.tar.gz", hash = "sha256:08695f5cb7ed6e0531a20572697297273c47b8cae5a63ffc6d6ed5c201be6e44", size = 27697, upload-time = "2022-10-25T02:36:22.414Z" }
wheels = [
    { url = "https://files.pythonhosted.org/packages/d1/d6/3965ed04c63042e047cb6a3e6ed1a63a35087b6a609aa3a15ed8ac56c221/colorama-0.4.6-py2.py3-none-any.whl", hash = "sha256:4f1d9991f5acc0ca119f9d443620b77f9d6b33703e51011c16baf57afb285fc6", size = 25335, upload-time = "2022-10-25T02:36:20.889Z" },
]

[[package]]
name = "filelock"
version = "3.32.2"
source = { registry = "https://pypi.org/simple" }
sdist = { url = "https://files.pythonhosted.org/packages/f6/57/3ba6e6cb097f85b855b00163d169f35365f44277df044dcf96d55b8f62a3/filelock-3.32.2.tar.gz", hash = "sha256:c33351e1f49cae33414acbc6d56784e6ecee82514ec90795da1161fc4836b5b8", size = 217172, upload-time = "2026-07-29T22:46:04.895Z" }
wheels = [
    { url = "https://files.pythonhosted.org/packages/c1/e8/72f8cef9fdfeffe06213fe8508039396ee48daa0e3259457ed766173bfd6/filelock-3.32.2-py3-none-any.whl", hash = "sha256:87dd94cf281e586d135fa51132b8e3d9a598b316e90377a288663c9321036c82", size = 98830, upload-time = "2026-07-29T22:46:03.52Z" },
]

[[package]]
name = "fsspec"
version = "2026.7.0"
source = { registry = "https://pypi.org/simple" }
sdist = { url = "https://files.pythonhosted.org/packages/00/78/f34251dadb8f3921264a1d9b8946f5e542014ee2614b285261b4e40e6775/fsspec-2026.7.0.tar.gz", hash = "sha256:c803c40f4cf860b49dea58ee3e1c33cb9c790520e233537e1340049f89b82a88", size = 317040, upload-time = "2026-07-28T16:34:51.052Z" }
wheels = [
    { url = "https://files.pythonhosted.org/packages/fd/3c/6a2bf344106328fd04963664a60b9bb6496fc25df8e962fcdc1367285fb9/fsspec-2026.7.0-py3-none-any.whl", hash = "sha256:b57ddbafedfaef7018c1ecab32aa200a9d7ca26b77965f64e48b70061249d279", size = 206583, upload-time = "2026-07-28T16:34:49.538Z" },
]

[[package]]
name = "gguf"
version = "0.19.0"
source = { git = "https://github.com/PrismML-Eng/llama.cpp.git?subdirectory=gguf-py&rev=9ca265a57f85f2117942490f421f64a226dd9847#9ca265a57f85f2117942490f421f64a226dd9847" }
dependencies = [
    { name = "numpy" },
    { name = "pyyaml" },
    { name = "requests" },
    { name = "tqdm" },
]

[[package]]
name = "hf-xet"
version = "1.6.0"
source = { registry = "https://pypi.org/simple" }
sdist = { url = "https://files.pythonhosted.org/packages/1b/ab/522a2ab67f27971a9d48ca666d4fca85ef7d5282d142e31fd087e27b1bbe/hf_xet-1.6.0.tar.gz", hash = "sha256:2e58454a340b3556dfa4972d5451aff4fba8dd42a236600ba1a1d2b1514f0fef", size = 920527, upload-time = "2026-08-03T22:33:13.243Z" }
wheels = [
    { url = "https://files.pythonhosted.org/packages/a2/50/7afa2c9c787405864fc47a0d1bbc02c62e9101947ed43c1f43899fc7d91d/hf_xet-1.6.0-cp38-abi3-macosx_10_12_x86_64.whl", hash = "sha256:633dc0cd71d32da58ab8c03ad38e2fac452c15c2b0a2866ebf6ededfe0a5061d", size = 4071729, upload-time = "2026-08-03T22:33:00.721Z" },
    { url = "https://files.pythonhosted.org/packages/4b/69/55b8dcf636142ae660fec1869fcac14c4da2e8412e14d6eee1523be77e9f/hf_xet-1.6.0-cp38-abi3-macosx_11_0_arm64.whl", hash = "sha256:f0906082d9932ae0c0057fa194041c22b4e2cdb46b2592ef3b91f020d62a081a", size = 3876287, upload-time = "2026-08-03T22:33:02.251Z" },
    { url = "https://files.pythonhosted.org/packages/67/4e/a28359bf1c1ecf11eba22123168c138698f7cb576ac678f5a2e16cd5da08/hf_xet-1.6.0-cp38-abi3-manylinux2014_x86_64.manylinux_2_17_x86_64.whl", hash = "sha256:d62671bb130879cef0ee4c9ebe47a14af6c66ec53e6d84dc15936e5ffdfac82f", size = 4464663, upload-time = "2026-08-03T22:33:03.802Z" },
    { url = "https://files.pythonhosted.org/packages/9a/69/1f0cbc2fb22ae6082d094f743d1b8945a3f36f6089cb95f42b7ee348cda7/hf_xet-1.6.0-cp38-abi3-manylinux_2_28_aarch64.whl", hash = "sha256:0e6e21fa3cdfcdcd76748564bf593870a5e013f47d97cf10aed63aa222cff5b7", size = 4262538, upload-time = "2026-08-03T22:33:05.287Z" },
    { url = "https://files.pythonhosted.org/packages/d1/3a/4f4f2301ade26e404462d3336fa11f7958d914cabbabdd6e03c3c5d5658c/hf_xet-1.6.0-cp38-abi3-musllinux_1_2_aarch64.whl", hash = "sha256:4fc74352a17015bd0ee90038bc9efe38db894cde45f268b6712b04fce8cd0acb", size = 4460520, upload-time = "2026-08-03T22:33:06.81Z" },
    { url = "https://files.pythonhosted.org/packages/ab/5f/311725e2a905534dfee2dcb5b08414f249147f1f12252bfc2bd24caa075c/hf_xet-1.6.0-cp38-abi3-musllinux_1_2_x86_64.whl", hash = "sha256:8fb4f71cba6129110c3374a33f919001ff130488fc23553698e34cc1c2a1198c", size = 4675937, upload-time = "2026-08-03T22:33:08.616Z" },
    { url = "https://files.pythonhosted.org/packages/98/b7/8c59a66d15205024662f1d66968136f13893f96df1ddc5087e2e281fc95f/hf_xet-1.6.0-cp38-abi3-win_amd64.whl", hash = "sha256:fb4fadde1b2b70bf4c0c14a6dccbe7194b1c28947fefd5bbe3fed9d940676c3b", size = 4033128, upload-time = "2026-08-03T22:33:10.171Z" },
    { url = "https://files.pythonhosted.org/packages/73/63/ca511b6f802f28cf3489b280fe77475bcca8de85e81a6299d7916b5b5555/hf_xet-1.6.0-cp38-abi3-win_arm64.whl", hash = "sha256:3dc3e35441ba395006af5aaacc40ef2e603c51ef46c3530b9156185f00935ea3", size = 3859359, upload-time = "2026-08-03T22:33:11.725Z" },
]

[[package]]
name = "huggingface-hub"
version = "0.34.4"
source = { registry = "https://pypi.org/simple" }
dependencies = [
    { name = "filelock" },
    { name = "fsspec" },
    { name = "hf-xet", marker = "platform_machine == 'aarch64' or platform_machine == 'amd64' or platform_machine == 'arm64' or platform_machine == 'x86_64'" },
    { name = "packaging" },
    { name = "pyyaml" },
    { name = "requests" },
    { name = "tqdm" },
    { name = "typing-extensions" },
]
sdist = { url = "https://files.pythonhosted.org/packages/45/c9/bdbe19339f76d12985bc03572f330a01a93c04dffecaaea3061bdd7fb892/huggingface_hub-0.34.4.tar.gz", hash = "sha256:a4228daa6fb001be3f4f4bdaf9a0db00e1739235702848df00885c9b5742c85c", size = 459768, upload-time = "2025-08-08T09:14:52.365Z" }
wheels = [
    { url = "https://files.pythonhosted.org/packages/39/7b/bb06b061991107cd8783f300adff3e7b7f284e330fd82f507f2a1417b11d/huggingface_hub-0.34.4-py3-none-any.whl", hash = "sha256:9b365d781739c93ff90c359844221beef048403f1bc1f1c123c191257c3c890a", size = 561452, upload-time = "2025-08-08T09:14:50.159Z" },
]

[[package]]
name = "idna"
version = "3.18"
source = { registry = "https://pypi.org/simple" }
sdist = { url = "https://files.pythonhosted.org/packages/cd/63/9496c57188a2ee585e0f1db071d75089a11e98aa86eb99d9d7618fc1edce/idna-3.18.tar.gz", hash = "sha256:ffb385a7e039654cef1ab9ef32c6fafe283c0c0467bba1d9029738ce4a14a848", size = 196711, upload-time = "2026-06-02T14:34:07.794Z" }
wheels = [
    { url = "https://files.pythonhosted.org/packages/1e/5e/d4e9f1a599fb8e573b7b87160658329fbf28d19eac2718f51fc3def3aa5a/idna-3.18-py3-none-any.whl", hash = "sha256:7f952cbe720b688055e3f87de14f5c3e5fdaa8bc3928985c4077ca689de849a2", size = 65455, upload-time = "2026-06-02T14:34:06.319Z" },
]

[[package]]
name = "iniconfig"
version = "2.3.0"
source = { registry = "https://pypi.org/simple" }
sdist = { url = "https://files.pythonhosted.org/packages/72/34/14ca021ce8e5dfedc35312d08ba8bf51fdd999c576889fc2c24cb97f4f10/iniconfig-2.3.0.tar.gz", hash = "sha256:c76315c77db068650d49c5b56314774a7804df16fee4402c1f19d6d15d8c4730", size = 20503, upload-time = "2025-10-18T21:55:43.219Z" }
wheels = [
    { url = "https://files.pythonhosted.org/packages/cb/b1/3846dd7f199d53cb17f49cba7e651e9ce294d8497c8c150530ed11865bb8/iniconfig-2.3.0-py3-none-any.whl", hash = "sha256:f631c04d2c48c52b84d0d0549c99ff3859c98df65b3101406327ecc7d53fbf12", size = 7484, upload-time = "2025-10-18T21:55:41.639Z" },
]

[[package]]
name = "ml-dtypes"
version = "0.5.3"
source = { registry = "https://pypi.org/simple" }
dependencies = [
    { name = "numpy" },
]
sdist = { url = "https://files.pythonhosted.org/packages/78/a7/aad060393123cfb383956dca68402aff3db1e1caffd5764887ed5153f41b/ml_dtypes-0.5.3.tar.gz", hash = "sha256:95ce33057ba4d05df50b1f3cfefab22e351868a843b3b15a46c65836283670c9", size = 692316, upload-time = "2025-07-29T18:39:19.454Z" }
wheels = [
    { url = "https://files.pythonhosted.org/packages/0d/eb/bc07c88a6ab002b4635e44585d80fa0b350603f11a2097c9d1bfacc03357/ml_dtypes-0.5.3-cp312-cp312-macosx_10_13_universal2.whl", hash = "sha256:156418abeeda48ea4797db6776db3c5bdab9ac7be197c1233771e0880c304057", size = 663864, upload-time = "2025-07-29T18:38:33.777Z" },
    { url = "https://files.pythonhosted.org/packages/cf/89/11af9b0f21b99e6386b6581ab40fb38d03225f9de5f55cf52097047e2826/ml_dtypes-0.5.3-cp312-cp312-manylinux_2_27_aarch64.manylinux_2_28_aarch64.whl", hash = "sha256:1db60c154989af253f6c4a34e8a540c2c9dce4d770784d426945e09908fbb177", size = 4951313, upload-time = "2025-07-29T18:38:36.45Z" },
    { url = "https://files.pythonhosted.org/packages/d8/a9/b98b86426c24900b0c754aad006dce2863df7ce0bb2bcc2c02f9cc7e8489/ml_dtypes-0.5.3-cp312-cp312-manylinux_2_27_x86_64.manylinux_2_28_x86_64.whl", hash = "sha256:1b255acada256d1fa8c35ed07b5f6d18bc21d1556f842fbc2d5718aea2cd9e55", size = 4928805, upload-time = "2025-07-29T18:38:38.29Z" },
    { url = "https://files.pythonhosted.org/packages/50/c1/85e6be4fc09c6175f36fb05a45917837f30af9a5146a5151cb3a3f0f9e09/ml_dtypes-0.5.3-cp312-cp312-win_amd64.whl", hash = "sha256:da65e5fd3eea434ccb8984c3624bc234ddcc0d9f4c81864af611aaebcc08a50e", size = 208182, upload-time = "2025-07-29T18:38:39.72Z" },
    { url = "https://files.pythonhosted.org/packages/9e/17/cf5326d6867be057f232d0610de1458f70a8ce7b6290e4b4a277ea62b4cd/ml_dtypes-0.5.3-cp312-cp312-win_arm64.whl", hash = "sha256:8bb9cd1ce63096567f5f42851f5843b5a0ea11511e50039a7649619abfb4ba6d", size = 161560, upload-time = "2025-07-29T18:38:41.072Z" },
]

[[package]]
name = "numpy"
version = "2.3.2"
source = { registry = "https://pypi.org/simple" }
sdist = { url = "https://files.pythonhosted.org/packages/37/7d/3fec4199c5ffb892bed55cff901e4f39a58c81df9c44c280499e92cad264/numpy-2.3.2.tar.gz", hash = "sha256:e0486a11ec30cdecb53f184d496d1c6a20786c81e55e41640270130056f8ee48", size = 20489306, upload-time = "2025-07-24T21:32:07.553Z" }
wheels = [
    { url = "https://files.pythonhosted.org/packages/00/6d/745dd1c1c5c284d17725e5c802ca4d45cfc6803519d777f087b71c9f4069/numpy-2.3.2-cp312-cp312-macosx_10_13_x86_64.whl", hash = "sha256:bc3186bea41fae9d8e90c2b4fb5f0a1f5a690682da79b92574d63f56b529080b", size = 20956420, upload-time = "2025-07-24T20:28:18.002Z" },
    { url = "https://files.pythonhosted.org/packages/bc/96/e7b533ea5740641dd62b07a790af5d9d8fec36000b8e2d0472bd7574105f/numpy-2.3.2-cp312-cp312-macosx_11_0_arm64.whl", hash = "sha256:2f4f0215edb189048a3c03bd5b19345bdfa7b45a7a6f72ae5945d2a28272727f", size = 14184660, upload-time = "2025-07-24T20:28:39.522Z" },
    { url = "https://files.pythonhosted.org/packages/2b/53/102c6122db45a62aa20d1b18c9986f67e6b97e0d6fbc1ae13e3e4c84430c/numpy-2.3.2-cp312-cp312-macosx_14_0_arm64.whl", hash = "sha256:8b1224a734cd509f70816455c3cffe13a4f599b1bf7130f913ba0e2c0b2006c0", size = 5113382, upload-time = "2025-07-24T20:28:48.544Z" },
    { url = "https://files.pythonhosted.org/packages/2b/21/376257efcbf63e624250717e82b4fae93d60178f09eb03ed766dbb48ec9c/numpy-2.3.2-cp312-cp312-macosx_14_0_x86_64.whl", hash = "sha256:3dcf02866b977a38ba3ec10215220609ab9667378a9e2150615673f3ffd6c73b", size = 6647258, upload-time = "2025-07-24T20:28:59.104Z" },
    { url = "https://files.pythonhosted.org/packages/91/ba/f4ebf257f08affa464fe6036e13f2bf9d4642a40228781dc1235da81be9f/numpy-2.3.2-cp312-cp312-manylinux_2_27_aarch64.manylinux_2_28_aarch64.whl", hash = "sha256:572d5512df5470f50ada8d1972c5f1082d9a0b7aa5944db8084077570cf98370", size = 14281409, upload-time = "2025-07-24T20:40:30.298Z" },
    { url = "https://files.pythonhosted.org/packages/59/ef/f96536f1df42c668cbacb727a8c6da7afc9c05ece6d558927fb1722693e1/numpy-2.3.2-cp312-cp312-manylinux_2_27_x86_64.manylinux_2_28_x86_64.whl", hash = "sha256:8145dd6d10df13c559d1e4314df29695613575183fa2e2d11fac4c208c8a1f73", size = 16641317, upload-time = "2025-07-24T20:40:56.625Z" },
    { url = "https://files.pythonhosted.org/packages/f6/a7/af813a7b4f9a42f498dde8a4c6fcbff8100eed00182cc91dbaf095645f38/numpy-2.3.2-cp312-cp312-musllinux_1_2_aarch64.whl", hash = "sha256:103ea7063fa624af04a791c39f97070bf93b96d7af7eb23530cd087dc8dbe9dc", size = 16056262, upload-time = "2025-07-24T20:41:20.797Z" },
    { url = "https://files.pythonhosted.org/packages/8b/5d/41c4ef8404caaa7f05ed1cfb06afe16a25895260eacbd29b4d84dff2920b/numpy-2.3.2-cp312-cp312-musllinux_1_2_x86_64.whl", hash = "sha256:fc927d7f289d14f5e037be917539620603294454130b6de200091e23d27dc9be", size = 18579342, upload-time = "2025-07-24T20:41:50.753Z" },
    { url = "https://files.pythonhosted.org/packages/a1/4f/9950e44c5a11636f4a3af6e825ec23003475cc9a466edb7a759ed3ea63bd/numpy-2.3.2-cp312-cp312-win32.whl", hash = "sha256:d95f59afe7f808c103be692175008bab926b59309ade3e6d25009e9a171f7036", size = 6320610, upload-time = "2025-07-24T20:42:01.551Z" },
    { url = "https://files.pythonhosted.org/packages/7c/2f/244643a5ce54a94f0a9a2ab578189c061e4a87c002e037b0829dd77293b6/numpy-2.3.2-cp312-cp312-win_amd64.whl", hash = "sha256:9e196ade2400c0c737d93465327d1ae7c06c7cb8a1756121ebf54b06ca183c7f", size = 12786292, upload-time = "2025-07-24T20:42:20.738Z" },
    { url = "https://files.pythonhosted.org/packages/54/cd/7b5f49d5d78db7badab22d8323c1b6ae458fbf86c4fdfa194ab3cd4eb39b/numpy-2.3.2-cp312-cp312-win_arm64.whl", hash = "sha256:ee807923782faaf60d0d7331f5e86da7d5e3079e28b291973c545476c2b00d07", size = 10194071, upload-time = "2025-07-24T20:42:36.657Z" },
]

[[package]]
name = "packaging"
version = "26.3"
source = { registry = "https://pypi.org/simple" }
sdist = { url = "https://files.pythonhosted.org/packages/7d/fa/3944b40b07da9ce895c0e6303a5ab7d53da063554f534556b134a54d6093/packaging-26.3.tar.gz", hash = "sha256:94edc256424af38762eb31306eed28beb9f0efc50a8837492c9d6fd6004aed79", size = 313412, upload-time = "2026-08-04T18:15:28.737Z" }
wheels = [
    { url = "https://files.pythonhosted.org/packages/63/34/ba1c580383c9eada3711951fef0795c80b829a078d72188184bcab9dd527/packaging-26.3-py3-none-any.whl", hash = "sha256:d7193f7c8e4e93f444fde0262bf90af30e16fa0ad0ad44cb553c87339b23cd1c", size = 129956, upload-time = "2026-08-04T18:15:27.159Z" },
]

[[package]]
name = "pluggy"
version = "1.6.0"
source = { registry = "https://pypi.org/simple" }
sdist = { url = "https://files.pythonhosted.org/packages/f9/e2/3e91f31a7d2b083fe6ef3fa267035b518369d9511ffab804f839851d2779/pluggy-1.6.0.tar.gz", hash = "sha256:7dcc130b76258d33b90f61b658791dede3486c3e6bfb003ee5c9bfb396dd22f3", size = 69412, upload-time = "2025-05-15T12:30:07.975Z" }
wheels = [
    { url = "https://files.pythonhosted.org/packages/54/20/4d324d65cc6d9205fabedc306948156824eb9f0ee1633355a8f7ec5c66bf/pluggy-1.6.0-py3-none-any.whl", hash = "sha256:e920276dd6813095e9377c0bc5566d94c932c33b27a3e3945d8389c374dd4746", size = 20538, upload-time = "2025-05-15T12:30:06.134Z" },
]

[[package]]
name = "pygments"
version = "2.20.0"
source = { registry = "https://pypi.org/simple" }
sdist = { url = "https://files.pythonhosted.org/packages/c3/b2/bc9c9196916376152d655522fdcebac55e66de6603a76a02bca1b6414f6c/pygments-2.20.0.tar.gz", hash = "sha256:6757cd03768053ff99f3039c1a36d6c0aa0b263438fcab17520b30a303a82b5f", size = 4955991, upload-time = "2026-03-29T13:29:33.898Z" }
wheels = [
    { url = "https://files.pythonhosted.org/packages/f4/7e/a72dd26f3b0f4f2bf1dd8923c85f7ceb43172af56d63c7383eb62b332364/pygments-2.20.0-py3-none-any.whl", hash = "sha256:81a9e26dd42fd28a23a2d169d86d7ac03b46e2f8b59ed4698fb4785f946d0176", size = 1231151, upload-time = "2026-03-29T13:29:30.038Z" },
]

[[package]]
name = "pytest"
version = "8.4.1"
source = { registry = "https://pypi.org/simple" }
dependencies = [
    { name = "colorama", marker = "sys_platform == 'win32'" },
    { name = "iniconfig" },
    { name = "packaging" },
    { name = "pluggy" },
    { name = "pygments" },
]
sdist = { url = "https://files.pythonhosted.org/packages/08/ba/45911d754e8eba3d5a841a5ce61a65a685ff1798421ac054f85aa8747dfb/pytest-8.4.1.tar.gz", hash = "sha256:7c67fd69174877359ed9371ec3af8a3d2b04741818c51e5e99cc1742251fa93c", size = 1517714, upload-time = "2025-06-18T05:48:06.109Z" }
wheels = [
    { url = "https://files.pythonhosted.org/packages/29/16/c8a903f4c4dffe7a12843191437d7cd8e32751d5de349d45d3fe69544e87/pytest-8.4.1-py3-none-any.whl", hash = "sha256:539c70ba6fcead8e78eebbf1115e8b589e7565830d7d006a8723f19ac8a0afb7", size = 365474, upload-time = "2025-06-18T05:48:03.955Z" },
]

[[package]]
name = "pyyaml"
version = "6.0.3"
source = { registry = "https://pypi.org/simple" }
sdist = { url = "https://files.pythonhosted.org/packages/05/8e/961c0007c59b8dd7729d542c61a4d537767a59645b82a0b521206e1e25c2/pyyaml-6.0.3.tar.gz", hash = "sha256:d76623373421df22fb4cf8817020cbb7ef15c725b9d5e45f17e189bfc384190f", size = 130960, upload-time = "2025-09-25T21:33:16.546Z" }
wheels = [
    { url = "https://files.pythonhosted.org/packages/d1/33/422b98d2195232ca1826284a76852ad5a86fe23e31b009c9886b2d0fb8b2/pyyaml-6.0.3-cp312-cp312-macosx_10_13_x86_64.whl", hash = "sha256:7f047e29dcae44602496db43be01ad42fc6f1cc0d8cd6c83d342306c32270196", size = 182063, upload-time = "2025-09-25T21:32:11.445Z" },
    { url = "https://files.pythonhosted.org/packages/89/a0/6cf41a19a1f2f3feab0e9c0b74134aa2ce6849093d5517a0c550fe37a648/pyyaml-6.0.3-cp312-cp312-macosx_11_0_arm64.whl", hash = "sha256:fc09d0aa354569bc501d4e787133afc08552722d3ab34836a80547331bb5d4a0", size = 173973, upload-time = "2025-09-25T21:32:12.492Z" },
    { url = "https://files.pythonhosted.org/packages/ed/23/7a778b6bd0b9a8039df8b1b1d80e2e2ad78aa04171592c8a5c43a56a6af4/pyyaml-6.0.3-cp312-cp312-manylinux2014_aarch64.manylinux_2_17_aarch64.manylinux_2_28_aarch64.whl", hash = "sha256:9149cad251584d5fb4981be1ecde53a1ca46c891a79788c0df828d2f166bda28", size = 775116, upload-time = "2025-09-25T21:32:13.652Z" },
    { url = "https://files.pythonhosted.org/packages/65/30/d7353c338e12baef4ecc1b09e877c1970bd3382789c159b4f89d6a70dc09/pyyaml-6.0.3-cp312-cp312-manylinux2014_s390x.manylinux_2_17_s390x.manylinux_2_28_s390x.whl", hash = "sha256:5fdec68f91a0c6739b380c83b951e2c72ac0197ace422360e6d5a959d8d97b2c", size = 844011, upload-time = "2025-09-25T21:32:15.21Z" },
    { url = "https://files.pythonhosted.org/packages/8b/9d/b3589d3877982d4f2329302ef98a8026e7f4443c765c46cfecc8858c6b4b/pyyaml-6.0.3-cp312-cp312-manylinux2014_x86_64.manylinux_2_17_x86_64.manylinux_2_28_x86_64.whl", hash = "sha256:ba1cc08a7ccde2d2ec775841541641e4548226580ab850948cbfda66a1befcdc", size = 807870, upload-time = "2025-09-25T21:32:16.431Z" },
    { url = "https://files.pythonhosted.org/packages/05/c0/b3be26a015601b822b97d9149ff8cb5ead58c66f981e04fedf4e762f4bd4/pyyaml-6.0.3-cp312-cp312-musllinux_1_2_aarch64.whl", hash = "sha256:8dc52c23056b9ddd46818a57b78404882310fb473d63f17b07d5c40421e47f8e", size = 761089, upload-time = "2025-09-25T21:32:17.56Z" },
    { url = "https://files.pythonhosted.org/packages/be/8e/98435a21d1d4b46590d5459a22d88128103f8da4c2d4cb8f14f2a96504e1/pyyaml-6.0.3-cp312-cp312-musllinux_1_2_x86_64.whl", hash = "sha256:41715c910c881bc081f1e8872880d3c650acf13dfa8214bad49ed4cede7c34ea", size = 790181, upload-time = "2025-09-25T21:32:18.834Z" },
    { url = "https://files.pythonhosted.org/packages/74/93/7baea19427dcfbe1e5a372d81473250b379f04b1bd3c4c5ff825e2327202/pyyaml-6.0.3-cp312-cp312-win32.whl", hash = "sha256:96b533f0e99f6579b3d4d4995707cf36df9100d67e0c8303a0c55b27b5f99bc5", size = 137658, upload-time = "2025-09-25T21:32:20.209Z" },
    { url = "https://files.pythonhosted.org/packages/86/bf/899e81e4cce32febab4fb42bb97dcdf66bc135272882d1987881a4b519e9/pyyaml-6.0.3-cp312-cp312-win_amd64.whl", hash = "sha256:5fcd34e47f6e0b794d17de1b4ff496c00986e1c83f7ab2fb8fcfe9616ff7477b", size = 154003, upload-time = "2025-09-25T21:32:21.167Z" },
    { url = "https://files.pythonhosted.org/packages/1a/08/67bd04656199bbb51dbed1439b7f27601dfb576fb864099c7ef0c3e55531/pyyaml-6.0.3-cp312-cp312-win_arm64.whl", hash = "sha256:64386e5e707d03a7e172c0701abfb7e10f0fb753ee1d773128192742712a98fd", size = 140344, upload-time = "2025-09-25T21:32:22.617Z" },
]

[[package]]
name = "requests"
version = "2.34.2"
source = { registry = "https://pypi.org/simple" }
dependencies = [
    { name = "certifi" },
    { name = "charset-normalizer" },
    { name = "idna" },
    { name = "urllib3" },
]
sdist = { url = "https://files.pythonhosted.org/packages/ac/c3/e2a2b89f2d3e2179abd6d00ebd70bff6273f37fb3e0cc209f48b39d00cbf/requests-2.34.2.tar.gz", hash = "sha256:f288924cae4e29463698d6d60bc6a4da69c89185ad1e0bcc4104f584e960b9ed", size = 142856, upload-time = "2026-05-14T19:25:27.735Z" }
wheels = [
    { url = "https://files.pythonhosted.org/packages/a0/f4/c67b0b3f1b9245e8d266f0f112c500d50e5b4e83cb6f3b71b6528104182a/requests-2.34.2-py3-none-any.whl", hash = "sha256:2a0d60c172f83ac6ab31e4554906c0f3b3588d37b5cb939b1c061f4907e278e0", size = 73075, upload-time = "2026-05-14T19:25:26.443Z" },
]

[[package]]
name = "ternel"
version = "0.1.0"
source = { editable = "." }
dependencies = [
    { name = "gguf" },
    { name = "huggingface-hub" },
    { name = "ml-dtypes" },
    { name = "numpy" },
    { name = "tqdm" },
]

[package.optional-dependencies]
dev = [
    { name = "pytest" },
]

[package.metadata]
requires-dist = [
    { name = "gguf", git = "https://github.com/PrismML-Eng/llama.cpp.git?subdirectory=gguf-py&rev=9ca265a57f85f2117942490f421f64a226dd9847" },
    { name = "huggingface-hub", specifier = "==0.34.4" },
    { name = "ml-dtypes", specifier = "==0.5.3" },
    { name = "numpy", specifier = "==2.3.2" },
    { name = "pytest", marker = "extra == 'dev'", specifier = "==8.4.1" },
    { name = "tqdm", specifier = "==4.67.1" },
]
provides-extras = ["dev"]

[[package]]
name = "tqdm"
version = "4.67.1"
source = { registry = "https://pypi.org/simple" }
dependencies = [
    { name = "colorama", marker = "sys_platform == 'win32'" },
]
sdist = { url = "https://files.pythonhosted.org/packages/a8/4b/29b4ef32e036bb34e4ab51796dd745cdba7ed47ad142a9f4a1eb8e0c744d/tqdm-4.67.1.tar.gz", hash = "sha256:f8aef9c52c08c13a65f30ea34f4e5aac3fd1a34959879d7e59e63027286627f2", size = 169737, upload-time = "2024-11-24T20:12:22.481Z" }
wheels = [
    { url = "https://files.pythonhosted.org/packages/d0/30/dc54f88dd4a2b5dc8a0279bdd7270e735851848b762aeb1c1184ed1f6b14/tqdm-4.67.1-py3-none-any.whl", hash = "sha256:26445eca388f82e72884e0d580d5464cd801a3ea01e63e5601bdff9ba6a48de2", size = 78540, upload-time = "2024-11-24T20:12:19.698Z" },
]

[[package]]
name = "typing-extensions"
version = "4.16.0"
source = { registry = "https://pypi.org/simple" }
sdist = { url = "https://files.pythonhosted.org/packages/f6/cc/6253133b5bb138fc3306cebfbda2c520f545d36b5be2c7255cc528bb45d6/typing_extensions-4.16.0.tar.gz", hash = "sha256:dc983d19a509c94dba722ee6abd33940f7c05a89e243c47e907eb4db6f1a43e5", size = 113555, upload-time = "2026-07-02T08:40:05.92Z" }
wheels = [
    { url = "https://files.pythonhosted.org/packages/49/d3/b8441a820a491ddfc024b0b0cf0393375b75ea13866d9c66727e54c2fc80/typing_extensions-4.16.0-py3-none-any.whl", hash = "sha256:481caa481374e813c1b176ada14e97f1f67a4539ce9cfeb3f350d78d6370c2e8", size = 45571, upload-time = "2026-07-02T08:40:04.659Z" },
]

[[package]]
name = "urllib3"
version = "2.7.0"
source = { registry = "https://pypi.org/simple" }
sdist = { url = "https://files.pythonhosted.org/packages/53/0c/06f8b233b8fd13b9e5ee11424ef85419ba0d8ba0b3138bf360be2ff56953/urllib3-2.7.0.tar.gz", hash = "sha256:231e0ec3b63ceb14667c67be60f2f2c40a518cb38b03af60abc813da26505f4c", size = 433602, upload-time = "2026-05-07T16:13:18.596Z" }
wheels = [
    { url = "https://files.pythonhosted.org/packages/7f/3e/5db95bcf282c52709639744ca2a8b149baccf648e39c8cc87553df9eae0c/urllib3-2.7.0-py3-none-any.whl", hash = "sha256:9fb4c81ebbb1ce9531cce37674bbc6f1360472bc18ca9a553ede278ef7276897", size = 131087, upload-time = "2026-05-07T16:13:17.151Z" },
]
